
Microsoft Visual Studio Solution File, Format Version 12.00
Project("{FAE04EC0-301F-11D3-BF4B-00C04F79EFBC}") = "Flashcap-Demo", "Flashcap-Demo\Flashcap-Demo.csproj", "{191772D1-2FA8-484A-83FC-A721C03CC7B5}"
EndProject
Global
	GlobalSection(SolutionConfigurationPlatforms) = preSolution
		Debug|Any CPU = Debug|Any CPU
		Release|Any CPU = Release|Any CPU
	EndGlobalSection
	GlobalSection(ProjectConfigurationPlatforms) = postSolution
		{191772D1-2FA8-484A-83FC-A721C03CC7B5}.Debug|Any CPU.ActiveCfg = Debug|Any CPU
		{191772D1-2FA8-484A-83FC-A721C03CC7B5}.Debug|Any CPU.Build.0 = Debug|Any CPU
		{191772D1-2FA8-484A-83FC-A721C03CC7B5}.Release|Any CPU.ActiveCfg = Release|Any CPU
		{191772D1-2FA8-484A-83FC-A721C03CC7B5}.Release|Any CPU.Build.0 = Release|Any CPU
	EndGlobalSection
EndGlobal
